// !$*UTF8*$!
{
	archiveVersion = 1;
	classes = {
	};
	objectVersion = 50;
	objects = {

/* Begin PBXBuildFile section */
		7E93F97F25FD64A6008DD131 /* AppDelegate.swift in Sources */ = {isa = PBXBuildFile; fileRef = 7E93F97E25FD64A6008DD131 /* AppDelegate.swift */; };
		7E93F98125FD64A6008DD131 /* SceneDelegate.swift in Sources */ = {isa = PBXBuildFile; fileRef = 7E93F98025FD64A6008DD131 /* SceneDelegate.swift */; };
		7E93F98325FD64A6008DD131 /* ViewController.swift in Sources */ = {isa = PBXBuildFile; fileRef = 7E93F98225FD64A6008DD131 /* ViewController.swift */; };
		7E93F98625FD64A6008DD131 /* Main.storyboard in Resources */ = {isa = PBXBuildFile; fileRef = 7E93F98425FD64A6008DD131 /* Main.storyboard */; };
		7E93F98825FD64A9008DD131 /* Assets.xcassets in Resources */ = {isa = PBXBuildFile; fileRef = 7E93F98725FD64A9008DD131 /* Assets.xcassets */; };
		7E93F98B25FD64A9008DD131 /* LaunchScreen.storyboard in Resources */ = {isa = PBXBuildFile; fileRef = 7E93F98925FD64A9008DD131 /* LaunchScreen.storyboard */; };
		7E93F99625FE3643008DD131 /* MainTabBarController.swift in Sources */ = {isa = PBXBuildFile; fileRef = 7E93F99525FE3643008DD131 /* MainTabBarController.swift */; };
		7E93F9BF25FE4196008DD131 /* SearchViewController.swift in Sources */ = {isa = PBXBuildFile; fileRef = 7E93F9BE25FE4196008DD131 /* SearchViewController.swift */; };
/* End PBXBuildFile section */

/* Begin PBXFileReference section */
		7E93F97B25FD64A6008DD131 /* IMusic.app */ = {isa = PBXFileReference; explicitFileType = wrapper.application; includeInIndex = 0; path = IMusic.app; sourceTree = BUILT_PRODUCTS_DIR; };
		7E93F97E25FD64A6008DD131 /* AppDelegate.swift */ = {isa = PBXFileReference; lastKnownFileType = sourcecode.swift; path = AppDelegate.swift; sourceTree = "<group>"; };
		7E93F98025FD64A6008DD131 /* SceneDelegate.swift */ = {isa = PBXFileReference; lastKnownFileType = sourcecode.swift; path = SceneDelegate.swift; sourceTree = "<group>"; };
		7E93F98225FD64A6008DD131 /* ViewController.swift */ = {isa = PBXFileReference; lastKnownFileType = sourcecode.swift; path = ViewController.swift; sourceTree = "<group>"; };
		7E93F98525FD64A6008DD131 /* Base */ = {isa = PBXFileReference; lastKnownFileType = file.storyboard; name = Base; path = Base.lproj/Main.storyboard; sourceTree = "<group>"; };
		7E93F98725FD64A9008DD131 /* Assets.xcassets */ = {isa = PBXFileReference; lastKnownFileType = folder.assetcatalog; path = Assets.xcassets; sourceTree = "<group>"; };
		7E93F98A25FD64A9008DD131 /* Base */ = {isa = PBXFileReference; lastKnownFileType = file.storyboard; name = Base; path = Base.lproj/LaunchScreen.storyboard; sourceTree = "<group>"; };
		7E93F98C25FD64A9008DD131 /* Info.plist */ = {isa = PBXFileReference; lastKnownFileType = text.plist.xml; path = Info.plist; sourceTree = "<group>"; };
		7E93F99525FE3643008DD131 /* MainTabBarController.swift */ = {isa = PBXFileReference; lastKnownFileType = sourcecode.swift; path = MainTabBarController.swift; sourceTree = "<group>"; };
		7E93F9BE25FE4196008DD131 /* SearchViewController.swift */ = {isa = PBXFileReference; lastKnownFileType = sourcecode.swift; path = SearchViewController.swift; sourceTree = "<group>"; };
/* End PBXFileReference section */

/* Begin PBXFrameworksBuildPhase section */
		7E93F97825FD64A6008DD131 /* Frameworks */ = {
			isa = PBXFrameworksBuildPhase;
			buildActionMask = 2147483647;
			files = (
			);
			runOnlyForDeploymentPostprocessing = 0;
		};
/* End PBXFrameworksBuildPhase section */

/* Begin PBXGroup section */
		7E93F97225FD64A6008DD131 = {
			isa = PBXGroup;
			children = (
				7E93F97D25FD64A6008DD131 /* IMusic */,
				7E93F97C25FD64A6008DD131 /* Products */,
			);
			sourceTree = "<group>";
		};
		7E93F97C25FD64A6008DD131 /* Products */ = {
			isa = PBXGroup;
			children = (
				7E93F97B25FD64A6008DD131 /* IMusic.app */,
			);
			name = Products;
			sourceTree = "<group>";
		};
		7E93F97D25FD64A6008DD131 /* IMusic */ = {
			isa = PBXGroup;
			children = (
				7E93F9C225FE4828008DD131 /* Delegate */,
				7E93F9C425FE485E008DD131 /* Supporting Files */,
				7E93F9C725FE48A5008DD131 /* View */,
				7E93F9C925FE48D1008DD131 /* Controller */,
			);
			path = IMusic;
			sourceTree = "<group>";
		};
		7E93F9C225FE4828008DD131 /* Delegate */ = {
			isa = PBXGroup;
			children = (
				7E93F97E25FD64A6008DD131 /* AppDelegate.swift */,
				7E93F98025FD64A6008DD131 /* SceneDelegate.swift */,
			);
			path = Delegate;
			sourceTree = "<group>";
		};
		7E93F9C425FE485E008DD131 /* Supporting Files */ = {
			isa = PBXGroup;
			children = (
				7E93F98725FD64A9008DD131 /* Assets.xcassets */,
				7E93F98C25FD64A9008DD131 /* Info.plist */,
			);
			path = "Supporting Files";
			sourceTree = "<group>";
		};
		7E93F9C725FE48A5008DD131 /* View */ = {
			isa = PBXGroup;
			children = (
				7E93F98425FD64A6008DD131 /* Main.storyboard */,
				7E93F98925FD64A9008DD131 /* LaunchScreen.storyboard */,
			);
			path = View;
			sourceTree = "<group>";
		};
		7E93F9C925FE48D1008DD131 /* Controller */ = {
			isa = PBXGroup;
			children = (
				7E93F99525FE3643008DD131 /* MainTabBarController.swift */,
				7E93F9BE25FE4196008DD131 /* SearchViewController.swift */,
				7E93F98225FD64A6008DD131 /* ViewController.swift */,
			);
			path = Controller;
			sourceTree = "<group>";
		};
/* End PBXGroup section */

/* Begin PBXNativeTarget section */
		7E93F97A25FD64A6008DD131 /* IMusic */ = {
			isa = PBXNativeTarget;
			buildConfigurationList = 7E93F98F25FD64A9008DD131 /* Build configuration list for PBXNativeTarget "IMusic" */;
			buildPhases = (
				7E93F97725FD64A6008DD131 /* Sources */,
				7E93F97825FD64A6008DD131 /* Frameworks */,
				7E93F97925FD64A6008DD131 /* Resources */,
			);
			buildRules = (
			);
			dependencies = (
			);
			name = IMusic;
			productName = IMusic;
			productReference = 7E93F97B25FD64A6008DD131 /* IMusic.app */;
			productType = "com.apple.product-type.application";
		};
/* End PBXNativeTarget section */

/* Begin PBXProject section */
		7E93F97325FD64A6008DD131 /* Project object */ = {
			isa = PBXProject;
			attributes = {
				LastSwiftUpdateCheck = 1220;
				LastUpgradeCheck = 1220;
				TargetAttributes = {
					7E93F97A25FD64A6008DD131 = {
						CreatedOnToolsVersion = 12.2;
					};
				};
			};
			buildConfigurationList = 7E93F97625FD64A6008DD131 /* Build configuration list for PBXProject "IMusic" */;
			compatibilityVersion = "Xcode 9.3";
			developmentRegion = en;
			hasScannedForEncodings = 0;
			knownRegions = (
				en,
				Base,
			);
			mainGroup = 7E93F97225FD64A6008DD131;
			productRefGroup = 7E93F97C25FD64A6008DD131 /* Products */;
			projectDirPath = "";
			projectRoot = "";
			targets = (
				7E93F97A25FD64A6008DD131 /* IMusic */,
			);
		};
/* End PBXProject section */

/* Begin PBXResourcesBuildPhase section */
		7E93F97925FD64A6008DD131 /* Resources */ = {
			isa = PBXResourcesBuildPhase;
			buildActionMask = 2147483647;
			files = (
				7E93F98B25FD64A9008DD131 /* LaunchScreen.storyboard in Resources */,
				7E93F98825FD64A9008DD131 /* Assets.xcassets in Resources */,
				7E93F98625FD64A6008DD131 /* Main.storyboard in Resources */,
			);
			runOnlyForDeploymentPostprocessing = 0;
		};
/* End PBXResourcesBuildPhase section */

/* Begin PBXSourcesBuildPhase section */
		7E93F97725FD64A6008DD131 /* Sources */ = {
			isa = PBXSourcesBuildPhase;
			buildActionMask = 2147483647;
			files = (
				7E93F9BF25FE4196008DD131 /* SearchViewController.swift in Sources */,
				7E93F98325FD64A6008DD131 /* ViewController.swift in Sources */,
				7E93F97F25FD64A6008DD131 /* AppDelegate.swift in Sources */,
				7E93F99625FE3643008DD131 /* MainTabBarController.swift in Sources */,
				7E93F98125FD64A6008DD131 /* SceneDelegate.swift in Sources */,
			);
			runOnlyForDeploymentPostprocessing = 0;
		};
/* End PBXSourcesBuildPhase section */

/* Begin PBXVariantGroup section */
		7E93F98425FD64A6008DD131 /* Main.storyboard */ = {
			isa = PBXVariantGroup;
			children = (
				7E93F98525FD64A6008DD131 /* Base */,
			);
			name = Main.storyboard;
			sourceTree = "<group>";
		};
		7E93F98925FD64A9008DD131 /* LaunchScreen.storyboard */ = {
			isa = PBXVariantGroup;
			children = (
				7E93F98A25FD64A9008DD131 /* Base */,
			);
			name = LaunchScreen.storyboard;
			sourceTree = "<group>";
		};
/* End PBXVariantGroup section */

/* Begin XCBuildConfiguration section */
		7E93F98D25FD64A9008DD131 /* Debug */ = {
			isa = XCBuildConfiguration;
			buildSettings = {
				ALWAYS_SEARCH_USER_PATHS = NO;
				CLANG_ANALYZER_NONNULL = YES;
				CLANG_ANALYZER_NUMBER_OBJECT_CONVERSION = YES_AGGRESSIVE;
				CLANG_CXX_LANGUAGE_STANDARD = "gnu++14";
				CLANG_CXX_LIBRARY = "libc++";
				CLANG_ENABLE_MODULES = YES;
				CLANG_ENABLE_OBJC_ARC = YES;
				CLANG_ENABLE_OBJC_WEAK = YES;
				CLANG_WARN_BLOCK_CAPTURE_AUTORELEASING = YES;
				CLANG_WARN_BOOL_CONVERSION = YES;
				CLANG_WARN_COMMA = YES;
				CLANG_WARN_CONSTANT_CONVERSION = YES;
				CLANG_WARN_DEPRECATED_OBJC_IMPLEMENTATIONS = YES;
				CLANG_WARN_DIRECT_OBJC_ISA_USAGE = YES_ERROR;
				CLANG_WARN_DOCUMENTATION_COMMENTS = YES;
				CLANG_WARN_EMPTY_BODY = YES;
				CLANG_WARN_ENUM_CONVERSION = YES;
				CLANG_WARN_INFINITE_RECURSION = YES;
				CLANG_WARN_INT_CONVERSION = YES;
				CLANG_WARN_NON_LITERAL_NULL_CONVERSION = YES;
				CLANG_WARN_OBJC_IMPLICIT_RETAIN_SELF = YES;
				CLANG_WARN_OBJC_LITERAL_CONVERSION = YES;
				CLANG_WARN_OBJC_ROOT_CLASS = YES_ERROR;
				CLANG_WARN_QUOTED_INCLUDE_IN_FRAMEWORK_HEADER = YES;
				CLANG_WARN_RANGE_LOOP_ANALYSIS = YES;
				CLANG_WARN_STRICT_PROTOTYPES = YES;
				CLANG_WARN_SUSPICIOUS_MOVE = YES;
				CLANG_WARN_UNGUARDED_AVAILABILITY = YES_AGGRESSIVE;
				CLANG_WARN_UNREACHABLE_CODE = YES;
				CLANG_WARN__DUPLICATE_METHOD_MATCH = YES;
				COPY_PHASE_STRIP = NO;
				DEBUG_INFORMATION_FORMAT = dwarf;
				ENABLE_STRICT_OBJC_MSGSEND = YES;
				ENABLE_TESTABILITY = YES;
				GCC_C_LANGUAGE_STANDARD = gnu11;
				GCC_DYNAMIC_NO_PIC = NO;
				GCC_NO_COMMON_BLOCKS = YES;
				GCC_OPTIMIZATION_LEVEL = 0;
				GCC_PREPROCESSOR_DEFINITIONS = (
					"DEBUG=1",
					"$(inherited)",
				);
				GCC_WARN_64_TO_32_BIT_CONVERSION = YES;
				GCC_WARN_ABOUT_RETURN_TYPE = YES_ERROR;
				GCC_WARN_UNDECLARED_SELECTOR = YES;
				GCC_WARN_UNINITIALIZED_AUTOS = YES_AGGRESSIVE;
				GCC_WARN_UNUSED_FUNCTION = YES;
				GCC_WARN_UNUSED_VARIABLE = YES;
				IPHONEOS_DEPLOYMENT_TARGET = 14.2;
				MTL_ENABLE_DEBUG_INFO = INCLUDE_SOURCE;
				MTL_FAST_MATH = YES;
				ONLY_ACTIVE_ARCH = YES;
				SDKROOT = iphoneos;
				SWIFT_ACTIVE_COMPILATION_CONDITIONS = DEBUG;
				SWIFT_OPTIMIZATION_LEVEL = "-Onone";
			};
			name = Debug;
		};
		7E93F98E25FD64A9008DD131 /* Release */ = {
			isa = XCBuildConfiguration;
			buildSettings = {
				ALWAYS_SEARCH_USER_PATHS = NO;
				CLANG_ANALYZER_NONNULL = YES;
				CLANG_ANALYZER_NUMBER_OBJECT_CONVERSION = YES_AGGRESSIVE;
				CLANG_CXX_LANGUAGE_STANDARD = "gnu++14";
				CLANG_CXX_LIBRARY = "libc++";
				CLANG_ENABLE_MODULES = YES;
				CLANG_ENABLE_OBJC_ARC = YES;
				CLANG_ENABLE_OBJC_WEAK = YES;
				CLANG_WARN_BLOCK_CAPTURE_AUTORELEASING = YES;
				CLANG_WARN_BOOL_CONVERSION = YES;
				CLANG_WARN_COMMA = YES;
				CLANG_WARN_CONSTANT_CONVERSION = YES;
				CLANG_WARN_DEPRECATED_OBJC_IMPLEMENTATIONS = YES;
				CLANG_WARN_DIRECT_OBJC_ISA_USAGE = YES_ERROR;
				CLANG_WARN_DOCUMENTATION_COMMENTS = YES;
				CLANG_WARN_EMPTY_BODY = YES;
				CLANG_WARN_ENUM_CONVERSION = YES;
				CLANG_WARN_INFINITE_RECURSION = YES;
				CLANG_WARN_INT_CONVERSION = YES;
				CLANG_WARN_NON_LITERAL_NULL_CONVERSION = YES;
				CLANG_WARN_OBJC_IMPLICIT_RETAIN_SELF = YES;
				CLANG_WARN_OBJC_LITERAL_CONVERSION = YES;
				CLANG_WARN_OBJC_ROOT_CLASS = YES_ERROR;
				CLANG_WARN_QUOTED_INCLUDE_IN_FRAMEWORK_HEADER = YES;
				CLANG_WARN_RANGE_LOOP_ANALYSIS = YES;
				CLANG_WARN_STRICT_PROTOTYPES = YES;
				CLANG_WARN_SUSPICIOUS_MOVE = YES;
				CLANG_WARN_UNGUARDED_AVAILABILITY = YES_AGGRESSIVE;
				CLANG_WARN_UNREACHABLE_CODE = YES;
				CLANG_WARN__DUPLICATE_METHOD_MATCH = YES;
				COPY_PHASE_STRIP = NO;
				DEBUG_INFORMATION_FORMAT = "dwarf-with-dsym";
				ENABLE_NS_ASSERTIONS = NO;
				ENABLE_STRICT_OBJC_MSGSEND = YES;
				GCC_C_LANGUAGE_STANDARD = gnu11;
				GCC_NO_COMMON_BLOCKS = YES;
				GCC_WARN_64_TO_32_BIT_CONVERSION = YES;
				GCC_WARN_ABOUT_RETURN_TYPE = YES_ERROR;
				GCC_WARN_UNDECLARED_SELECTOR = YES;
				GCC_WARN_UNINITIALIZED_AUTOS = YES_AGGRESSIVE;
				GCC_WARN_UNUSED_FUNCTION = YES;
				GCC_WARN_UNUSED_VARIABLE = YES;
				IPHONEOS_DEPLOYMENT_TARGET = 14.2;
				MTL_ENABLE_DEBUG_INFO = NO;
				MTL_FAST_MATH = YES;
				SDKROOT = iphoneos;
				SWIFT_COMPILATION_MODE = wholemodule;
				SWIFT_OPTIMIZATION_LEVEL = "-O";
				VALIDATE_PRODUCT = YES;
			};
			name = Release;
		};
		7E93F99025FD64A9008DD131 /* Debug */ = {
			isa = XCBuildConfiguration;
			buildSettings = {
				ASSETCATALOG_COMPILER_APPICON_NAME = AppIcon;
				ASSETCATALOG_COMPILER_GLOBAL_ACCENT_COLOR_NAME = AccentColor;
				CODE_SIGN_STYLE = Automatic;
				INFOPLIST_FILE = "IMusic/Supporting Files/Info.plist";
				LD_RUNPATH_SEARCH_PATHS = (
					"$(inherited)",
					"@executable_path/Frameworks",
				);
				PRODUCT_BUNDLE_IDENTIFIER = eldaroid.IMusic;
				PRODUCT_NAME = "$(TARGET_NAME)";
				SWIFT_VERSION = 5.0;
				TARGETED_DEVICE_FAMILY = "1,2";
			};
			name = Debug;
		};
		7E93F99125FD64A9008DD131 /* Release */ = {
			isa = XCBuildConfiguration;
			buildSettings = {
				ASSETCATALOG_COMPILER_APPICON_NAME = AppIcon;
				ASSETCATALOG_COMPILER_GLOBAL_ACCENT_COLOR_NAME = AccentColor;
				CODE_SIGN_STYLE = Automatic;
				INFOPLIST_FILE = "IMusic/Supporting Files/Info.plist";
				LD_RUNPATH_SEARCH_PATHS = (
					"$(inherited)",
					"@executable_path/Frameworks",
				);
				PRODUCT_BUNDLE_IDENTIFIER = eldaroid.IMusic;
				PRODUCT_NAME = "$(TARGET_NAME)";
				SWIFT_VERSION = 5.0;
				TARGETED_DEVICE_FAMILY = "1,2";
			};
			name = Release;
		};
/* End XCBuildConfiguration section */

/* Begin XCConfigurationList section */
		7E93F97625FD64A6008DD131 /* Build configuration list for PBXProject "IMusic" */ = {
			isa = XCConfigurationList;
			buildConfigurations = (
				7E93F98D25FD64A9008DD131 /* Debug */,
				7E93F98E25FD64A9008DD131 /* Release */,
			);
			defaultConfigurationIsVisible = 0;
			defaultConfigurationName = Release;
		};
		7E93F98F25FD64A9008DD131 /* Build configuration list for PBXNativeTarget "IMusic" */ = {
			isa = XCConfigurationList;
			buildConfigurations = (
				7E93F99025FD64A9008DD131 /* Debug */,
				7E93F99125FD64A9008DD131 /* Release */,
			);
			defaultConfigurationIsVisible = 0;
			defaultConfigurationName = Release;
		};
/* End XCConfigurationList section */
	};
	rootObject = 7E93F97325FD64A6008DD131 /* Project object */;
}
